
Microsoft Visual Studio Solution File, Format Version 12.00
# Visual Studio 15
VisualStudioVersion = 15.0.27130.2010
MinimumVisualStudioVersion = 10.0.40219.1
Project("{2150E333-8FDC-42A3-9474-1A3956D46DE8}") = "Tests", "Tests", "{8557DE25-3934-4D27-A834-50DDD214101A}"
EndProject
Project("{00D1A9C2-B5F0-4AF3-8072-F6C62B433612}") = "WorkoutAnalyticsLiveDB", "WorkoutAnalyticsLiveDB\WorkoutAnalyticsLiveDB.sqlproj", "{AFA8C4FA-6792-47A3-B6B4-7031A6B29991}"
EndProject
Project("{00D1A9C2-B5F0-4AF3-8072-F6C62B433612}") = "WorkoutAnalyticsTestDB", "WorkoutAnalyticsTestDB\WorkoutAnalyticsTestDB.sqlproj", "{75337EC0-B403-4762-8FC6-2A976C2E999E}"
EndProject
Project("{FAE04EC0-301F-11D3-BF4B-00C04F79EFBC}") = "WorkoutAnalytics.UI.DAL.Tests", "WorkoutAnalytics.DALTests\WorkoutAnalytics.UI.DAL.Tests.csproj", "{61CC34F5-6449-4C73-8248-D1C349B6D2F6}"
EndProject
Project("{FAE04EC0-301F-11D3-BF4B-00C04F79EFBC}") = "WorkoutAnalytics.UI", "WorkoutAnalytics.UI\WorkoutAnalytics.UI.csproj", "{C49B2826-CFE9-435F-B93A-45B8EFA5DE59}"
EndProject
Project("{FAE04EC0-301F-11D3-BF4B-00C04F79EFBC}") = "WorkoutAnalytics.UI.Tests", "WorkoutAnalytics.UI.Tests\WorkoutAnalytics.UI.Tests.csproj", "{915B1D89-D739-44ED-8451-9F1CD4FB44A5}"
EndProject
Global
	GlobalSection(SolutionConfigurationPlatforms) = preSolution
		Debug|Any CPU = Debug|Any CPU
		Release|Any CPU = Release|Any CPU
	EndGlobalSection
	GlobalSection(ProjectConfigurationPlatforms) = postSolution
		{AFA8C4FA-6792-47A3-B6B4-7031A6B29991}.Debug|Any CPU.ActiveCfg = Debug|Any CPU
		{AFA8C4FA-6792-47A3-B6B4-7031A6B29991}.Debug|Any CPU.Build.0 = Debug|Any CPU
		{AFA8C4FA-6792-47A3-B6B4-7031A6B29991}.Debug|Any CPU.Deploy.0 = Debug|Any CPU
		{AFA8C4FA-6792-47A3-B6B4-7031A6B29991}.Release|Any CPU.ActiveCfg = Release|Any CPU
		{AFA8C4FA-6792-47A3-B6B4-7031A6B29991}.Release|Any CPU.Build.0 = Release|Any CPU
		{AFA8C4FA-6792-47A3-B6B4-7031A6B29991}.Release|Any CPU.Deploy.0 = Release|Any CPU
		{75337EC0-B403-4762-8FC6-2A976C2E999E}.Debug|Any CPU.ActiveCfg = Debug|Any CPU
		{75337EC0-B403-4762-8FC6-2A976C2E999E}.Debug|Any CPU.Build.0 = Debug|Any CPU
		{75337EC0-B403-4762-8FC6-2A976C2E999E}.Debug|Any CPU.Deploy.0 = Debug|Any CPU
		{75337EC0-B403-4762-8FC6-2A976C2E999E}.Release|Any CPU.ActiveCfg = Release|Any CPU
		{75337EC0-B403-4762-8FC6-2A976C2E999E}.Release|Any CPU.Build.0 = Release|Any CPU
		{75337EC0-B403-4762-8FC6-2A976C2E999E}.Release|Any CPU.Deploy.0 = Release|Any CPU
		{61CC34F5-6449-4C73-8248-D1C349B6D2F6}.Debug|Any CPU.ActiveCfg = Debug|Any CPU
		{61CC34F5-6449-4C73-8248-D1C349B6D2F6}.Debug|Any CPU.Build.0 = Debug|Any CPU
		{61CC34F5-6449-4C73-8248-D1C349B6D2F6}.Release|Any CPU.ActiveCfg = Release|Any CPU
		{61CC34F5-6449-4C73-8248-D1C349B6D2F6}.Release|Any CPU.Build.0 = Release|Any CPU
		{C49B2826-CFE9-435F-B93A-45B8EFA5DE59}.Debug|Any CPU.ActiveCfg = Debug|Any CPU
		{C49B2826-CFE9-435F-B93A-45B8EFA5DE59}.Debug|Any CPU.Build.0 = Debug|Any CPU
		{C49B2826-CFE9-435F-B93A-45B8EFA5DE59}.Release|Any CPU.ActiveCfg = Release|Any CPU
		{C49B2826-CFE9-435F-B93A-45B8EFA5DE59}.Release|Any CPU.Build.0 = Release|Any CPU
		{915B1D89-D739-44ED-8451-9F1CD4FB44A5}.Debug|Any CPU.ActiveCfg = Debug|Any CPU
		{915B1D89-D739-44ED-8451-9F1CD4FB44A5}.Debug|Any CPU.Build.0 = Debug|Any CPU
		{915B1D89-D739-44ED-8451-9F1CD4FB44A5}.Release|Any CPU.ActiveCfg = Release|Any CPU
		{915B1D89-D739-44ED-8451-9F1CD4FB44A5}.Release|Any CPU.Build.0 = Release|Any CPU
	EndGlobalSection
	GlobalSection(SolutionProperties) = preSolution
		HideSolutionNode = FALSE
	EndGlobalSection
	GlobalSection(NestedProjects) = preSolution
		{61CC34F5-6449-4C73-8248-D1C349B6D2F6} = {8557DE25-3934-4D27-A834-50DDD214101A}
		{915B1D89-D739-44ED-8451-9F1CD4FB44A5} = {8557DE25-3934-4D27-A834-50DDD214101A}
	EndGlobalSection
	GlobalSection(ExtensibilityGlobals) = postSolution
		SolutionGuid = {8F2F570D-FEB5-4948-A7D1-6C92AEB554C2}
	EndGlobalSection
EndGlobal
